Microsoft Visual Studio Solution File, Format Version 8.00
Project("{FAE04EC0-301F-11D3-BF4B-00C04F79EFBC}") = "ModuloPadrao1ponto1", "http://localhost/less-is-more/padraoveio/ModuloPadrao1ponto1.csproj", "{358AABA0-EF8E-44BB-9201-69A9DC19B5D3}"
	ProjectSection(ProjectDependencies) = postProject
	EndProjectSection
EndProject
Global
	GlobalSection(SolutionConfiguration) = preSolution
		Debug = Debug
		Release = Release
	EndGlobalSection
	GlobalSection(ProjectConfiguration) = postSolution
		{358AABA0-EF8E-44BB-9201-69A9DC19B5D3}.Debug.ActiveCfg = Debug|.NET
		{358AABA0-EF8E-44BB-9201-69A9DC19B5D3}.Debug.Build.0 = Debug|.NET
		{358AABA0-EF8E-44BB-9201-69A9DC19B5D3}.Release.ActiveCfg = Release|.NET
		{358AABA0-EF8E-44BB-9201-69A9DC19B5D3}.Release.Build.0 = Release|.NET
	EndGlobalSection
	GlobalSection(ExtensibilityGlobals) = postSolution
	EndGlobalSection
	GlobalSection(ExtensibilityAddIns) = postSolution
	EndGlobalSection
EndGlobal
